
Microsoft Visual Studio Solution File, Format Version 12.00
# Visual Studio Version 17
VisualStudioVersion = 17.9.34310.174
MinimumVisualStudioVersion = 10.0.40219.1
Project("{9A19103F-16F7-4668-BE54-9A1E7A4F7556}") = "Achiever", "Achiever\Achiever.csproj", "{263920CA-8DBE-4C1B-BEB1-EF20963B7209}"
EndProject
Project("{9A19103F-16F7-4668-BE54-9A1E7A4F7556}") = "Achiever.Client", "Achiever.Client\Achiever.Client.csproj", "{215D0C18-470C-47CF-87A1-C483EFFD60CA}"
EndProject
Project("{9A19103F-16F7-4668-BE54-9A1E7A4F7556}") = "Achiever.Shared", "Achiever.Shared\Achiever.Shared.csproj", "{005EB057-AB2D-4063-AB00-B012FE584ED2}"
EndProject
Project("{9A19103F-16F7-4668-BE54-9A1E7A4F7556}") = "Achiever.Tests", "Achiever.Tests\Achiever.Tests.csproj", "{2C87E58A-611D-422E-B8D8-34A0218B7080}"
EndProject
Global
	GlobalSection(SolutionConfigurationPlatforms) = preSolution
		Debug|Any CPU = Debug|Any CPU
		Release|Any CPU = Release|Any CPU
	EndGlobalSection
	GlobalSection(ProjectConfigurationPlatforms) = postSolution
		{263920CA-8DBE-4C1B-BEB1-EF20963B7209}.Debug|Any CPU.ActiveCfg = Debug|Any CPU
		{263920CA-8DBE-4C1B-BEB1-EF20963B7209}.Debug|Any CPU.Build.0 = Debug|Any CPU
		{263920CA-8DBE-4C1B-BEB1-EF20963B7209}.Release|Any CPU.ActiveCfg = Release|Any CPU
		{263920CA-8DBE-4C1B-BEB1-EF20963B7209}.Release|Any CPU.Build.0 = Release|Any CPU
		{215D0C18-470C-47CF-87A1-C483EFFD60CA}.Debug|Any CPU.ActiveCfg = Debug|Any CPU
		{215D0C18-470C-47CF-87A1-C483EFFD60CA}.Debug|Any CPU.Build.0 = Debug|Any CPU
		{215D0C18-470C-47CF-87A1-C483EFFD60CA}.Release|Any CPU.ActiveCfg = Release|Any CPU
		{215D0C18-470C-47CF-87A1-C483EFFD60CA}.Release|Any CPU.Build.0 = Release|Any CPU
		{005EB057-AB2D-4063-AB00-B012FE584ED2}.Debug|Any CPU.ActiveCfg = Debug|Any CPU
		{005EB057-AB2D-4063-AB00-B012FE584ED2}.Debug|Any CPU.Build.0 = Debug|Any CPU
		{005EB057-AB2D-4063-AB00-B012FE584ED2}.Release|Any CPU.ActiveCfg = Release|Any CPU
		{005EB057-AB2D-4063-AB00-B012FE584ED2}.Release|Any CPU.Build.0 = Release|Any CPU
		{2C87E58A-611D-422E-B8D8-34A0218B7080}.Debug|Any CPU.ActiveCfg = Debug|Any CPU
		{2C87E58A-611D-422E-B8D8-34A0218B7080}.Debug|Any CPU.Build.0 = Debug|Any CPU
		{2C87E58A-611D-422E-B8D8-34A0218B7080}.Release|Any CPU.ActiveCfg = Release|Any CPU
		{2C87E58A-611D-422E-B8D8-34A0218B7080}.Release|Any CPU.Build.0 = Release|Any CPU
	EndGlobalSection
	GlobalSection(SolutionProperties) = preSolution
		HideSolutionNode = FALSE
	EndGlobalSection
	GlobalSection(ExtensibilityGlobals) = postSolution
		SolutionGuid = {0B692772-4D6F-4465-A03C-74D1ABCBAA77}
	EndGlobalSection
EndGlobal
