// !$*UTF8*$!
{
	archiveVersion = 1;
	classes = {
	};
	objectVersion = 56;
	objects = {

/* Begin PBXBuildFile section */
		CF75B7EE2B7876F800DCC55B /* AddNewGoalView.swift in Sources */ = {isa = PBXBuildFile; fileRef = CF75B7ED2B7876F800DCC55B /* AddNewGoalView.swift */; };
		CF75B7F02B798C3D00DCC55B /* FilterView.swift in Sources */ = {isa = PBXBuildFile; fileRef = CF75B7EF2B798C3D00DCC55B /* FilterView.swift */; };
		CF75B7F22B798C4500DCC55B /* SearchBar.swift in Sources */ = {isa = PBXBuildFile; fileRef = CF75B7F12B798C4500DCC55B /* SearchBar.swift */; };
		CF75B7F42B79EC7F00DCC55B /* 68D43CB7-B0A5-490D-ABA4-435D4D065EEC_1_105_c.jpeg in Resources */ = {isa = PBXBuildFile; fileRef = CF75B7F32B79EC7F00DCC55B /* 68D43CB7-B0A5-490D-ABA4-435D4D065EEC_1_105_c.jpeg */; };
		CF867FDF2B6B3A3900998339 /* AchieverApp.swift in Sources */ = {isa = PBXBuildFile; fileRef = CF867FDE2B6B3A3900998339 /* AchieverApp.swift */; };
		CF867FE12B6B3A3900998339 /* ContentView.swift in Sources */ = {isa = PBXBuildFile; fileRef = CF867FE02B6B3A3900998339 /* ContentView.swift */; };
		CF867FE32B6B3A3A00998339 /* Assets.xcassets in Resources */ = {isa = PBXBuildFile; fileRef = CF867FE22B6B3A3A00998339 /* Assets.xcassets */; };
		CF867FE62B6B3A3A00998339 /* Preview Assets.xcassets in Resources */ = {isa = PBXBuildFile; fileRef = CF867FE52B6B3A3A00998339 /* Preview Assets.xcassets */; };
		CF867FF02B6B3A3A00998339 /* AchieverTests.swift in Sources */ = {isa = PBXBuildFile; fileRef = CF867FEF2B6B3A3A00998339 /* AchieverTests.swift */; };
		CF867FFA2B6B3A3A00998339 /* AchieverUITests.swift in Sources */ = {isa = PBXBuildFile; fileRef = CF867FF92B6B3A3A00998339 /* AchieverUITests.swift */; };
		CF867FFC2B6B3A3A00998339 /* AchieverUITestsLaunchTests.swift in Sources */ = {isa = PBXBuildFile; fileRef = CF867FFB2B6B3A3A00998339 /* AchieverUITestsLaunchTests.swift */; };
		CF92C98E2B75AFF40087D5F3 /* SkeletonCard.swift in Sources */ = {isa = PBXBuildFile; fileRef = CF92C98D2B75AFF40087D5F3 /* SkeletonCard.swift */; };
		CF92C9902B75B0190087D5F3 /* GoalOverviewLoadingView.swift in Sources */ = {isa = PBXBuildFile; fileRef = CF92C98F2B75B0190087D5F3 /* GoalOverviewLoadingView.swift */; };
		CF956DE42B6C683200DF3737 /* LoginRequest.swift in Sources */ = {isa = PBXBuildFile; fileRef = CF956DE32B6C683200DF3737 /* LoginRequest.swift */; };
		CF956DE62B6C80B300DF3737 /* LoginView.swift in Sources */ = {isa = PBXBuildFile; fileRef = CF956DE52B6C80B300DF3737 /* LoginView.swift */; };
		CF956DE82B6C854400DF3737 /* GoalOverviewView.swift in Sources */ = {isa = PBXBuildFile; fileRef = CF956DE72B6C854400DF3737 /* GoalOverviewView.swift */; };
		CF956DEA2B6C85BE00DF3737 /* Goal.swift in Sources */ = {isa = PBXBuildFile; fileRef = CF956DE92B6C85BE00DF3737 /* Goal.swift */; };
		CF956DEC2B6C85D100DF3737 /* SubTask.swift in Sources */ = {isa = PBXBuildFile; fileRef = CF956DEB2B6C85D100DF3737 /* SubTask.swift */; };
		CF956DEE2B6C862D00DF3737 /* GoalClient.swift in Sources */ = {isa = PBXBuildFile; fileRef = CF956DED2B6C862D00DF3737 /* GoalClient.swift */; };
		CF956DF02B6C981500DF3737 /* GoalCardView.swift in Sources */ = {isa = PBXBuildFile; fileRef = CF956DEF2B6C981500DF3737 /* GoalCardView.swift */; };
		CF956DF22B6C9BDD00DF3737 /* BadgeView.swift in Sources */ = {isa = PBXBuildFile; fileRef = CF956DF12B6C9BDD00DF3737 /* BadgeView.swift */; };
		CF956DF42B6CA32B00DF3737 /* DonutChartView.swift in Sources */ = {isa = PBXBuildFile; fileRef = CF956DF32B6CA32B00DF3737 /* DonutChartView.swift */; };
		CF956DF62B6D7AA600DF3737 /* SettingsView.swift in Sources */ = {isa = PBXBuildFile; fileRef = CF956DF52B6D7AA600DF3737 /* SettingsView.swift */; };
		CF956DF82B6DA82800DF3737 /* GoalDetailViewDragAndDrop.swift in Sources */ = {isa = PBXBuildFile; fileRef = CF956DF72B6DA82800DF3737 /* GoalDetailViewDragAndDrop.swift */; };
		CF956DFA2B6DB49D00DF3737 /* GoalData.swift in Sources */ = {isa = PBXBuildFile; fileRef = CF956DF92B6DB49D00DF3737 /* GoalData.swift */; };
		CF956DFC2B6DD2E400DF3737 /* GoalDetailView.swift in Sources */ = {isa = PBXBuildFile; fileRef = CF956DFB2B6DD2E400DF3737 /* GoalDetailView.swift */; };
		CF956DFE2B6DD2F600DF3737 /* SubtaskDetailModal.swift in Sources */ = {isa = PBXBuildFile; fileRef = CF956DFD2B6DD2F600DF3737 /* SubtaskDetailModal.swift */; };
		CF956E002B6FEF7500DF3737 /* SubtaskCardView.swift in Sources */ = {isa = PBXBuildFile; fileRef = CF956DFF2B6FEF7500DF3737 /* SubtaskCardView.swift */; };
		CF956E042B705F1200DF3737 /* ProgressBar.swift in Sources */ = {isa = PBXBuildFile; fileRef = CF956E032B705F1100DF3737 /* ProgressBar.swift */; };
		CF956E062B708C5700DF3737 /* SignInWithAppleView.swift in Sources */ = {isa = PBXBuildFile; fileRef = CF956E052B708C5700DF3737 /* SignInWithAppleView.swift */; };
		CFF265982B6B4B2C0084197D /* NetworkManager.swift in Sources */ = {isa = PBXBuildFile; fileRef = CFF265972B6B4B2C0084197D /* NetworkManager.swift */; };
		CFF2659A2B6B4B570084197D /* AuthenticationClient.swift in Sources */ = {isa = PBXBuildFile; fileRef = CFF265992B6B4B570084197D /* AuthenticationClient.swift */; };
		CFF2659C2B6B4BDC0084197D /* UserInfo.swift in Sources */ = {isa = PBXBuildFile; fileRef = CFF2659B2B6B4BDC0084197D /* UserInfo.swift */; };
		CFF2659E2B6B4D4D0084197D /* NetworkError.swift in Sources */ = {isa = PBXBuildFile; fileRef = CFF2659D2B6B4D4D0084197D /* NetworkError.swift */; };
		CFF265A02B6B4E5C0084197D /* AuthConfig.swift in Sources */ = {isa = PBXBuildFile; fileRef = CFF2659F2B6B4E5C0084197D /* AuthConfig.swift */; };
/* End PBXBuildFile section */

/* Begin PBXContainerItemProxy section */
		CF867FEC2B6B3A3A00998339 /* PBXContainerItemProxy */ = {
			isa = PBXContainerItemProxy;
			containerPortal = CF867FD32B6B3A3900998339 /* Project object */;
			proxyType = 1;
			remoteGlobalIDString = CF867FDA2B6B3A3900998339;
			remoteInfo = Achiever;
		};
		CF867FF62B6B3A3A00998339 /* PBXContainerItemProxy */ = {
			isa = PBXContainerItemProxy;
			containerPortal = CF867FD32B6B3A3900998339 /* Project object */;
			proxyType = 1;
			remoteGlobalIDString = CF867FDA2B6B3A3900998339;
			remoteInfo = Achiever;
		};
/* End PBXContainerItemProxy section */

/* Begin PBXFileReference section */
		CF75B7EC2B78609E00DCC55B /* 694E6CAC-F6DE-4CAD-9241-F5F8A9DB64BF.heic */ = {isa = PBXFileReference; lastKnownFileType = file; name = "694E6CAC-F6DE-4CAD-9241-F5F8A9DB64BF.heic"; path = "../../../../../Pictures/Photos Library.photoslibrary/originals/6/694E6CAC-F6DE-4CAD-9241-F5F8A9DB64BF.heic"; sourceTree = "<group>"; };
		CF75B7ED2B7876F800DCC55B /* AddNewGoalView.swift */ = {isa = PBXFileReference; lastKnownFileType = sourcecode.swift; path = AddNewGoalView.swift; sourceTree = "<group>"; };
		CF75B7EF2B798C3D00DCC55B /* FilterView.swift */ = {isa = PBXFileReference; lastKnownFileType = sourcecode.swift; path = FilterView.swift; sourceTree = "<group>"; };
		CF75B7F12B798C4500DCC55B /* SearchBar.swift */ = {isa = PBXFileReference; lastKnownFileType = sourcecode.swift; path = SearchBar.swift; sourceTree = "<group>"; };
		CF75B7F32B79EC7F00DCC55B /* 68D43CB7-B0A5-490D-ABA4-435D4D065EEC_1_105_c.jpeg */ = {isa = PBXFileReference; lastKnownFileType = image.jpeg; name = "68D43CB7-B0A5-490D-ABA4-435D4D065EEC_1_105_c.jpeg"; path = "../../../../../Pictures/Photos Library.photoslibrary/resources/derivatives/6/68D43CB7-B0A5-490D-ABA4-435D4D065EEC_1_105_c.jpeg"; sourceTree = "<group>"; };
		CF867FDB2B6B3A3900998339 /* Achiever.app */ = {isa = PBXFileReference; explicitFileType = wrapper.application; includeInIndex = 0; path = Achiever.app; sourceTree = BUILT_PRODUCTS_DIR; };
		CF867FDE2B6B3A3900998339 /* AchieverApp.swift */ = {isa = PBXFileReference; lastKnownFileType = sourcecode.swift; path = AchieverApp.swift; sourceTree = "<group>"; };
		CF867FE02B6B3A3900998339 /* ContentView.swift */ = {isa = PBXFileReference; lastKnownFileType = sourcecode.swift; path = ContentView.swift; sourceTree = "<group>"; };
		CF867FE22B6B3A3A00998339 /* Assets.xcassets */ = {isa = PBXFileReference; lastKnownFileType = folder.assetcatalog; path = Assets.xcassets; sourceTree = "<group>"; };
		CF867FE52B6B3A3A00998339 /* Preview Assets.xcassets */ = {isa = PBXFileReference; lastKnownFileType = folder.assetcatalog; path = "Preview Assets.xcassets"; sourceTree = "<group>"; };
		CF867FEB2B6B3A3A00998339 /* AchieverTests.xctest */ = {isa = PBXFileReference; explicitFileType = wrapper.cfbundle; includeInIndex = 0; path = AchieverTests.xctest; sourceTree = BUILT_PRODUCTS_DIR; };
		CF867FEF2B6B3A3A00998339 /* AchieverTests.swift */ = {isa = PBXFileReference; lastKnownFileType = sourcecode.swift; path = AchieverTests.swift; sourceTree = "<group>"; };
		CF867FF52B6B3A3A00998339 /* AchieverUITests.xctest */ = {isa = PBXFileReference; explicitFileType = wrapper.cfbundle; includeInIndex = 0; path = AchieverUITests.xctest; sourceTree = BUILT_PRODUCTS_DIR; };
		CF867FF92B6B3A3A00998339 /* AchieverUITests.swift */ = {isa = PBXFileReference; lastKnownFileType = sourcecode.swift; path = AchieverUITests.swift; sourceTree = "<group>"; };
		CF867FFB2B6B3A3A00998339 /* AchieverUITestsLaunchTests.swift */ = {isa = PBXFileReference; lastKnownFileType = sourcecode.swift; path = AchieverUITestsLaunchTests.swift; sourceTree = "<group>"; };
		CF92C98D2B75AFF40087D5F3 /* SkeletonCard.swift */ = {isa = PBXFileReference; lastKnownFileType = sourcecode.swift; path = SkeletonCard.swift; sourceTree = "<group>"; };
		CF92C98F2B75B0190087D5F3 /* GoalOverviewLoadingView.swift */ = {isa = PBXFileReference; lastKnownFileType = sourcecode.swift; path = GoalOverviewLoadingView.swift; sourceTree = "<group>"; };
		CF956DE22B6C63E500DF3737 /* Info.plist */ = {isa = PBXFileReference; lastKnownFileType = text.plist; path = Info.plist; sourceTree = "<group>"; };
		CF956DE32B6C683200DF3737 /* LoginRequest.swift */ = {isa = PBXFileReference; lastKnownFileType = sourcecode.swift; path = LoginRequest.swift; sourceTree = "<group>"; };
		CF956DE52B6C80B300DF3737 /* LoginView.swift */ = {isa = PBXFileReference; lastKnownFileType = sourcecode.swift; path = LoginView.swift; sourceTree = "<group>"; };
		CF956DE72B6C854400DF3737 /* GoalOverviewView.swift */ = {isa = PBXFileReference; lastKnownFileType = sourcecode.swift; path = GoalOverviewView.swift; sourceTree = "<group>"; };
		CF956DE92B6C85BE00DF3737 /* Goal.swift */ = {isa = PBXFileReference; lastKnownFileType = sourcecode.swift; path = Goal.swift; sourceTree = "<group>"; };
		CF956DEB2B6C85D100DF3737 /* SubTask.swift */ = {isa = PBXFileReference; lastKnownFileType = sourcecode.swift; path = SubTask.swift; sourceTree = "<group>"; };
		CF956DED2B6C862D00DF3737 /* GoalClient.swift */ = {isa = PBXFileReference; lastKnownFileType = sourcecode.swift; path = GoalClient.swift; sourceTree = "<group>"; };
		CF956DEF2B6C981500DF3737 /* GoalCardView.swift */ = {isa = PBXFileReference; lastKnownFileType = sourcecode.swift; path = GoalCardView.swift; sourceTree = "<group>"; };
		CF956DF12B6C9BDD00DF3737 /* BadgeView.swift */ = {isa = PBXFileReference; lastKnownFileType = sourcecode.swift; path = BadgeView.swift; sourceTree = "<group>"; };
		CF956DF32B6CA32B00DF3737 /* DonutChartView.swift */ = {isa = PBXFileReference; lastKnownFileType = sourcecode.swift; path = DonutChartView.swift; sourceTree = "<group>"; };
		CF956DF52B6D7AA600DF3737 /* SettingsView.swift */ = {isa = PBXFileReference; lastKnownFileType = sourcecode.swift; path = SettingsView.swift; sourceTree = "<group>"; };
		CF956DF72B6DA82800DF3737 /* GoalDetailViewDragAndDrop.swift */ = {isa = PBXFileReference; lastKnownFileType = sourcecode.swift; path = GoalDetailViewDragAndDrop.swift; sourceTree = "<group>"; };
		CF956DF92B6DB49D00DF3737 /* GoalData.swift */ = {isa = PBXFileReference; lastKnownFileType = sourcecode.swift; path = GoalData.swift; sourceTree = "<group>"; };
		CF956DFB2B6DD2E400DF3737 /* GoalDetailView.swift */ = {isa = PBXFileReference; lastKnownFileType = sourcecode.swift; path = GoalDetailView.swift; sourceTree = "<group>"; };
		CF956DFD2B6DD2F600DF3737 /* SubtaskDetailModal.swift */ = {isa = PBXFileReference; lastKnownFileType = sourcecode.swift; path = SubtaskDetailModal.swift; sourceTree = "<group>"; };
		CF956DFF2B6FEF7500DF3737 /* SubtaskCardView.swift */ = {isa = PBXFileReference; lastKnownFileType = sourcecode.swift; path = SubtaskCardView.swift; sourceTree = "<group>"; };
		CF956E032B705F1100DF3737 /* ProgressBar.swift */ = {isa = PBXFileReference; lastKnownFileType = sourcecode.swift; path = ProgressBar.swift; sourceTree = "<group>"; };
		CF956E052B708C5700DF3737 /* SignInWithAppleView.swift */ = {isa = PBXFileReference; lastKnownFileType = sourcecode.swift; path = SignInWithAppleView.swift; sourceTree = "<group>"; };
		CFF265972B6B4B2C0084197D /* NetworkManager.swift */ = {isa = PBXFileReference; lastKnownFileType = sourcecode.swift; path = NetworkManager.swift; sourceTree = "<group>"; };
		CFF265992B6B4B570084197D /* AuthenticationClient.swift */ = {isa = PBXFileReference; lastKnownFileType = sourcecode.swift; path = AuthenticationClient.swift; sourceTree = "<group>"; };
		CFF2659B2B6B4BDC0084197D /* UserInfo.swift */ = {isa = PBXFileReference; lastKnownFileType = sourcecode.swift; path = UserInfo.swift; sourceTree = "<group>"; };
		CFF2659D2B6B4D4D0084197D /* NetworkError.swift */ = {isa = PBXFileReference; lastKnownFileType = sourcecode.swift; path = NetworkError.swift; sourceTree = "<group>"; };
		CFF2659F2B6B4E5C0084197D /* AuthConfig.swift */ = {isa = PBXFileReference; lastKnownFileType = sourcecode.swift; path = AuthConfig.swift; sourceTree = "<group>"; };
/* End PBXFileReference section */

/* Begin PBXFrameworksBuildPhase section */
		CF867FD82B6B3A3900998339 /* Frameworks */ = {
			isa = PBXFrameworksBuildPhase;
			buildActionMask = 2147483647;
			files = (
			);
			runOnlyForDeploymentPostprocessing = 0;
		};
		CF867FE82B6B3A3A00998339 /* Frameworks */ = {
			isa = PBXFrameworksBuildPhase;
			buildActionMask = 2147483647;
			files = (
			);
			runOnlyForDeploymentPostprocessing = 0;
		};
		CF867FF22B6B3A3A00998339 /* Frameworks */ = {
			isa = PBXFrameworksBuildPhase;
			buildActionMask = 2147483647;
			files = (
			);
			runOnlyForDeploymentPostprocessing = 0;
		};
/* End PBXFrameworksBuildPhase section */

/* Begin PBXGroup section */
		CF75B7EB2B78606C00DCC55B /* Icons */ = {
			isa = PBXGroup;
			children = (
				CF75B7F32B79EC7F00DCC55B /* 68D43CB7-B0A5-490D-ABA4-435D4D065EEC_1_105_c.jpeg */,
				CF75B7EC2B78609E00DCC55B /* 694E6CAC-F6DE-4CAD-9241-F5F8A9DB64BF.heic */,
			);
			path = Icons;
			sourceTree = "<group>";
		};
		CF867FD22B6B3A3900998339 = {
			isa = PBXGroup;
			children = (
				CF867FDD2B6B3A3900998339 /* Achiever */,
				CF867FEE2B6B3A3A00998339 /* AchieverTests */,
				CF867FF82B6B3A3A00998339 /* AchieverUITests */,
				CF867FDC2B6B3A3900998339 /* Products */,
			);
			sourceTree = "<group>";
		};
		CF867FDC2B6B3A3900998339 /* Products */ = {
			isa = PBXGroup;
			children = (
				CF867FDB2B6B3A3900998339 /* Achiever.app */,
				CF867FEB2B6B3A3A00998339 /* AchieverTests.xctest */,
				CF867FF52B6B3A3A00998339 /* AchieverUITests.xctest */,
			);
			name = Products;
			sourceTree = "<group>";
		};
		CF867FDD2B6B3A3900998339 /* Achiever */ = {
			isa = PBXGroup;
			children = (
				CF75B7EB2B78606C00DCC55B /* Icons */,
				CF956DE22B6C63E500DF3737 /* Info.plist */,
				CFF265962B6B4B050084197D /* Utils */,
				CFF265952B6B4AFC0084197D /* Networking */,
				CFF265942B6B4AD50084197D /* Clients */,
				CFF265932B6B4AC30084197D /* Views */,
				CFF265922B6B4AA80084197D /* Models */,
				CF867FDE2B6B3A3900998339 /* AchieverApp.swift */,
				CF867FE22B6B3A3A00998339 /* Assets.xcassets */,
				CF867FE42B6B3A3A00998339 /* Preview Content */,
			);
			path = Achiever;
			sourceTree = "<group>";
		};
		CF867FE42B6B3A3A00998339 /* Preview Content */ = {
			isa = PBXGroup;
			children = (
				CF867FE52B6B3A3A00998339 /* Preview Assets.xcassets */,
			);
			path = "Preview Content";
			sourceTree = "<group>";
		};
		CF867FEE2B6B3A3A00998339 /* AchieverTests */ = {
			isa = PBXGroup;
			children = (
				CF867FEF2B6B3A3A00998339 /* AchieverTests.swift */,
			);
			path = AchieverTests;
			sourceTree = "<group>";
		};
		CF867FF82B6B3A3A00998339 /* AchieverUITests */ = {
			isa = PBXGroup;
			children = (
				CF867FF92B6B3A3A00998339 /* AchieverUITests.swift */,
				CF867FFB2B6B3A3A00998339 /* AchieverUITestsLaunchTests.swift */,
			);
			path = AchieverUITests;
			sourceTree = "<group>";
		};
		CFF265922B6B4AA80084197D /* Models */ = {
			isa = PBXGroup;
			children = (
				CFF2659B2B6B4BDC0084197D /* UserInfo.swift */,
				CF956DE32B6C683200DF3737 /* LoginRequest.swift */,
				CF956DE92B6C85BE00DF3737 /* Goal.swift */,
				CF956DEB2B6C85D100DF3737 /* SubTask.swift */,
				CF956DF92B6DB49D00DF3737 /* GoalData.swift */,
			);
			path = Models;
			sourceTree = "<group>";
		};
		CFF265932B6B4AC30084197D /* Views */ = {
			isa = PBXGroup;
			children = (
				CF867FE02B6B3A3900998339 /* ContentView.swift */,
				CF956DE52B6C80B300DF3737 /* LoginView.swift */,
				CF956DE72B6C854400DF3737 /* GoalOverviewView.swift */,
				CF956DEF2B6C981500DF3737 /* GoalCardView.swift */,
				CF956DF12B6C9BDD00DF3737 /* BadgeView.swift */,
				CF956DF32B6CA32B00DF3737 /* DonutChartView.swift */,
				CF956DF52B6D7AA600DF3737 /* SettingsView.swift */,
				CF956DF72B6DA82800DF3737 /* GoalDetailViewDragAndDrop.swift */,
				CF956DFB2B6DD2E400DF3737 /* GoalDetailView.swift */,
				CF956DFD2B6DD2F600DF3737 /* SubtaskDetailModal.swift */,
				CF956DFF2B6FEF7500DF3737 /* SubtaskCardView.swift */,
				CF956E032B705F1100DF3737 /* ProgressBar.swift */,
				CF956E052B708C5700DF3737 /* SignInWithAppleView.swift */,
				CF92C98D2B75AFF40087D5F3 /* SkeletonCard.swift */,
				CF92C98F2B75B0190087D5F3 /* GoalOverviewLoadingView.swift */,
				CF75B7ED2B7876F800DCC55B /* AddNewGoalView.swift */,
				CF75B7EF2B798C3D00DCC55B /* FilterView.swift */,
				CF75B7F12B798C4500DCC55B /* SearchBar.swift */,
			);
			path = Views;
			sourceTree = "<group>";
		};
		CFF265942B6B4AD50084197D /* Clients */ = {
			isa = PBXGroup;
			children = (
				CFF265992B6B4B570084197D /* AuthenticationClient.swift */,
				CF956DED2B6C862D00DF3737 /* GoalClient.swift */,
			);
			path = Clients;
			sourceTree = "<group>";
		};
		CFF265952B6B4AFC0084197D /* Networking */ = {
			isa = PBXGroup;
			children = (
				CFF265972B6B4B2C0084197D /* NetworkManager.swift */,
				CFF2659D2B6B4D4D0084197D /* NetworkError.swift */,
			);
			path = Networking;
			sourceTree = "<group>";
		};
		CFF265962B6B4B050084197D /* Utils */ = {
			isa = PBXGroup;
			children = (
				CFF2659F2B6B4E5C0084197D /* AuthConfig.swift */,
			);
			path = Utils;
			sourceTree = "<group>";
		};
/* End PBXGroup section */

/* Begin PBXNativeTarget section */
		CF867FDA2B6B3A3900998339 /* Achiever */ = {
			isa = PBXNativeTarget;
			buildConfigurationList = CF867FFF2B6B3A3A00998339 /* Build configuration list for PBXNativeTarget "Achiever" */;
			buildPhases = (
				CF867FD72B6B3A3900998339 /* Sources */,
				CF867FD82B6B3A3900998339 /* Frameworks */,
				CF867FD92B6B3A3900998339 /* Resources */,
			);
			buildRules = (
			);
			dependencies = (
			);
			name = Achiever;
			productName = Achiever;
			productReference = CF867FDB2B6B3A3900998339 /* Achiever.app */;
			productType = "com.apple.product-type.application";
		};
		CF867FEA2B6B3A3A00998339 /* AchieverTests */ = {
			isa = PBXNativeTarget;
			buildConfigurationList = CF8680022B6B3A3A00998339 /* Build configuration list for PBXNativeTarget "AchieverTests" */;
			buildPhases = (
				CF867FE72B6B3A3A00998339 /* Sources */,
				CF867FE82B6B3A3A00998339 /* Frameworks */,
				CF867FE92B6B3A3A00998339 /* Resources */,
			);
			buildRules = (
			);
			dependencies = (
				CF867FED2B6B3A3A00998339 /* PBXTargetDependency */,
			);
			name = AchieverTests;
			productName = AchieverTests;
			productReference = CF867FEB2B6B3A3A00998339 /* AchieverTests.xctest */;
			productType = "com.apple.product-type.bundle.unit-test";
		};
		CF867FF42B6B3A3A00998339 /* AchieverUITests */ = {
			isa = PBXNativeTarget;
			buildConfigurationList = CF8680052B6B3A3A00998339 /* Build configuration list for PBXNativeTarget "AchieverUITests" */;
			buildPhases = (
				CF867FF12B6B3A3A00998339 /* Sources */,
				CF867FF22B6B3A3A00998339 /* Frameworks */,
				CF867FF32B6B3A3A00998339 /* Resources */,
			);
			buildRules = (
			);
			dependencies = (
				CF867FF72B6B3A3A00998339 /* PBXTargetDependency */,
			);
			name = AchieverUITests;
			productName = AchieverUITests;
			productReference = CF867FF52B6B3A3A00998339 /* AchieverUITests.xctest */;
			productType = "com.apple.product-type.bundle.ui-testing";
		};
/* End PBXNativeTarget section */

/* Begin PBXProject section */
		CF867FD32B6B3A3900998339 /* Project object */ = {
			isa = PBXProject;
			attributes = {
				BuildIndependentTargetsInParallel = 1;
				LastSwiftUpdateCheck = 1430;
				LastUpgradeCheck = 1430;
				ORGANIZATIONNAME = Brewer;
				TargetAttributes = {
					CF867FDA2B6B3A3900998339 = {
						CreatedOnToolsVersion = 14.3.1;
					};
					CF867FEA2B6B3A3A00998339 = {
						CreatedOnToolsVersion = 14.3.1;
						TestTargetID = CF867FDA2B6B3A3900998339;
					};
					CF867FF42B6B3A3A00998339 = {
						CreatedOnToolsVersion = 14.3.1;
						TestTargetID = CF867FDA2B6B3A3900998339;
					};
				};
			};
			buildConfigurationList = CF867FD62B6B3A3900998339 /* Build configuration list for PBXProject "Achiever.iOS" */;
			compatibilityVersion = "Xcode 14.0";
			developmentRegion = en;
			hasScannedForEncodings = 0;
			knownRegions = (
				en,
				Base,
			);
			mainGroup = CF867FD22B6B3A3900998339;
			productRefGroup = CF867FDC2B6B3A3900998339 /* Products */;
			projectDirPath = "";
			projectRoot = "";
			targets = (
				CF867FDA2B6B3A3900998339 /* Achiever */,
				CF867FEA2B6B3A3A00998339 /* AchieverTests */,
				CF867FF42B6B3A3A00998339 /* AchieverUITests */,
			);
		};
/* End PBXProject section */

/* Begin PBXResourcesBuildPhase section */
		CF867FD92B6B3A3900998339 /* Resources */ = {
			isa = PBXResourcesBuildPhase;
			buildActionMask = 2147483647;
			files = (
				CF75B7F42B79EC7F00DCC55B /* 68D43CB7-B0A5-490D-ABA4-435D4D065EEC_1_105_c.jpeg in Resources */,
				CF867FE62B6B3A3A00998339 /* Preview Assets.xcassets in Resources */,
				CF867FE32B6B3A3A00998339 /* Assets.xcassets in Resources */,
			);
			runOnlyForDeploymentPostprocessing = 0;
		};
		CF867FE92B6B3A3A00998339 /* Resources */ = {
			isa = PBXResourcesBuildPhase;
			buildActionMask = 2147483647;
			files = (
			);
			runOnlyForDeploymentPostprocessing = 0;
		};
		CF867FF32B6B3A3A00998339 /* Resources */ = {
			isa = PBXResourcesBuildPhase;
			buildActionMask = 2147483647;
			files = (
			);
			runOnlyForDeploymentPostprocessing = 0;
		};
/* End PBXResourcesBuildPhase section */

/* Begin PBXSourcesBuildPhase section */
		CF867FD72B6B3A3900998339 /* Sources */ = {
			isa = PBXSourcesBuildPhase;
			buildActionMask = 2147483647;
			files = (
				CF75B7F02B798C3D00DCC55B /* FilterView.swift in Sources */,
				CF956DEE2B6C862D00DF3737 /* GoalClient.swift in Sources */,
				CF956DE82B6C854400DF3737 /* GoalOverviewView.swift in Sources */,
				CF92C98E2B75AFF40087D5F3 /* SkeletonCard.swift in Sources */,
				CFF2659A2B6B4B570084197D /* AuthenticationClient.swift in Sources */,
				CFF265982B6B4B2C0084197D /* NetworkManager.swift in Sources */,
				CFF265A02B6B4E5C0084197D /* AuthConfig.swift in Sources */,
				CF956E062B708C5700DF3737 /* SignInWithAppleView.swift in Sources */,
				CF956DF62B6D7AA600DF3737 /* SettingsView.swift in Sources */,
				CF956DF82B6DA82800DF3737 /* GoalDetailViewDragAndDrop.swift in Sources */,
				CF75B7EE2B7876F800DCC55B /* AddNewGoalView.swift in Sources */,
				CF92C9902B75B0190087D5F3 /* GoalOverviewLoadingView.swift in Sources */,
				CF956DE62B6C80B300DF3737 /* LoginView.swift in Sources */,
				CF956E042B705F1200DF3737 /* ProgressBar.swift in Sources */,
				CF956DFA2B6DB49D00DF3737 /* GoalData.swift in Sources */,
				CF956DF42B6CA32B00DF3737 /* DonutChartView.swift in Sources */,
				CF956DF22B6C9BDD00DF3737 /* BadgeView.swift in Sources */,
				CF867FE12B6B3A3900998339 /* ContentView.swift in Sources */,
				CF75B7F22B798C4500DCC55B /* SearchBar.swift in Sources */,
				CF956DF02B6C981500DF3737 /* GoalCardView.swift in Sources */,
				CF956DEA2B6C85BE00DF3737 /* Goal.swift in Sources */,
				CFF2659E2B6B4D4D0084197D /* NetworkError.swift in Sources */,
				CF956DFE2B6DD2F600DF3737 /* SubtaskDetailModal.swift in Sources */,
				CFF2659C2B6B4BDC0084197D /* UserInfo.swift in Sources */,
				CF956DFC2B6DD2E400DF3737 /* GoalDetailView.swift in Sources */,
				CF956E002B6FEF7500DF3737 /* SubtaskCardView.swift in Sources */,
				CF956DEC2B6C85D100DF3737 /* SubTask.swift in Sources */,
				CF867FDF2B6B3A3900998339 /* AchieverApp.swift in Sources */,
				CF956DE42B6C683200DF3737 /* LoginRequest.swift in Sources */,
			);
			runOnlyForDeploymentPostprocessing = 0;
		};
		CF867FE72B6B3A3A00998339 /* Sources */ = {
			isa = PBXSourcesBuildPhase;
			buildActionMask = 2147483647;
			files = (
				CF867FF02B6B3A3A00998339 /* AchieverTests.swift in Sources */,
			);
			runOnlyForDeploymentPostprocessing = 0;
		};
		CF867FF12B6B3A3A00998339 /* Sources */ = {
			isa = PBXSourcesBuildPhase;
			buildActionMask = 2147483647;
			files = (
				CF867FFC2B6B3A3A00998339 /* AchieverUITestsLaunchTests.swift in Sources */,
				CF867FFA2B6B3A3A00998339 /* AchieverUITests.swift in Sources */,
			);
			runOnlyForDeploymentPostprocessing = 0;
		};
/* End PBXSourcesBuildPhase section */

/* Begin PBXTargetDependency section */
		CF867FED2B6B3A3A00998339 /* PBXTargetDependency */ = {
			isa = PBXTargetDependency;
			target = CF867FDA2B6B3A3900998339 /* Achiever */;
			targetProxy = CF867FEC2B6B3A3A00998339 /* PBXContainerItemProxy */;
		};
		CF867FF72B6B3A3A00998339 /* PBXTargetDependency */ = {
			isa = PBXTargetDependency;
			target = CF867FDA2B6B3A3900998339 /* Achiever */;
			targetProxy = CF867FF62B6B3A3A00998339 /* PBXContainerItemProxy */;
		};
/* End PBXTargetDependency section */

/* Begin XCBuildConfiguration section */
		CF867FFD2B6B3A3A00998339 /* Debug */ = {
			isa = XCBuildConfiguration;
			buildSettings = {
				ALWAYS_SEARCH_USER_PATHS = NO;
				CLANG_ANALYZER_NONNULL = YES;
				CLANG_ANALYZER_NUMBER_OBJECT_CONVERSION = YES_AGGRESSIVE;
				CLANG_CXX_LANGUAGE_STANDARD = "gnu++20";
				CLANG_ENABLE_MODULES = YES;
				CLANG_ENABLE_OBJC_ARC = YES;
				CLANG_ENABLE_OBJC_WEAK = YES;
				CLANG_WARN_BLOCK_CAPTURE_AUTORELEASING = YES;
				CLANG_WARN_BOOL_CONVERSION = YES;
				CLANG_WARN_COMMA = YES;
				CLANG_WARN_CONSTANT_CONVERSION = YES;
				CLANG_WARN_DEPRECATED_OBJC_IMPLEMENTATIONS = YES;
				CLANG_WARN_DIRECT_OBJC_ISA_USAGE = YES_ERROR;
				CLANG_WARN_DOCUMENTATION_COMMENTS = YES;
				CLANG_WARN_EMPTY_BODY = YES;
				CLANG_WARN_ENUM_CONVERSION = YES;
				CLANG_WARN_INFINITE_RECURSION = YES;
				CLANG_WARN_INT_CONVERSION = YES;
				CLANG_WARN_NON_LITERAL_NULL_CONVERSION = YES;
				CLANG_WARN_OBJC_IMPLICIT_RETAIN_SELF = YES;
				CLANG_WARN_OBJC_LITERAL_CONVERSION = YES;
				CLANG_WARN_OBJC_ROOT_CLASS = YES_ERROR;
				CLANG_WARN_QUOTED_INCLUDE_IN_FRAMEWORK_HEADER = YES;
				CLANG_WARN_RANGE_LOOP_ANALYSIS = YES;
				CLANG_WARN_STRICT_PROTOTYPES = YES;
				CLANG_WARN_SUSPICIOUS_MOVE = YES;
				CLANG_WARN_UNGUARDED_AVAILABILITY = YES_AGGRESSIVE;
				CLANG_WARN_UNREACHABLE_CODE = YES;
				CLANG_WARN__DUPLICATE_METHOD_MATCH = YES;
				COPY_PHASE_STRIP = NO;
				DEBUG_INFORMATION_FORMAT = dwarf;
				ENABLE_STRICT_OBJC_MSGSEND = YES;
				ENABLE_TESTABILITY = YES;
				GCC_C_LANGUAGE_STANDARD = gnu11;
				GCC_DYNAMIC_NO_PIC = NO;
				GCC_NO_COMMON_BLOCKS = YES;
				GCC_OPTIMIZATION_LEVEL = 0;
				GCC_PREPROCESSOR_DEFINITIONS = (
					"DEBUG=1",
					"$(inherited)",
				);
				GCC_WARN_64_TO_32_BIT_CONVERSION = YES;
				GCC_WARN_ABOUT_RETURN_TYPE = YES_ERROR;
				GCC_WARN_UNDECLARED_SELECTOR = YES;
				GCC_WARN_UNINITIALIZED_AUTOS = YES_AGGRESSIVE;
				GCC_WARN_UNUSED_FUNCTION = YES;
				GCC_WARN_UNUSED_VARIABLE = YES;
				IPHONEOS_DEPLOYMENT_TARGET = 16.4;
				MTL_ENABLE_DEBUG_INFO = INCLUDE_SOURCE;
				MTL_FAST_MATH = YES;
				ONLY_ACTIVE_ARCH = YES;
				SDKROOT = iphoneos;
				SWIFT_ACTIVE_COMPILATION_CONDITIONS = DEBUG;
				SWIFT_OPTIMIZATION_LEVEL = "-Onone";
			};
			name = Debug;
		};
		CF867FFE2B6B3A3A00998339 /* Release */ = {
			isa = XCBuildConfiguration;
			buildSettings = {
				ALWAYS_SEARCH_USER_PATHS = NO;
				CLANG_ANALYZER_NONNULL = YES;
				CLANG_ANALYZER_NUMBER_OBJECT_CONVERSION = YES_AGGRESSIVE;
				CLANG_CXX_LANGUAGE_STANDARD = "gnu++20";
				CLANG_ENABLE_MODULES = YES;
				CLANG_ENABLE_OBJC_ARC = YES;
				CLANG_ENABLE_OBJC_WEAK = YES;
				CLANG_WARN_BLOCK_CAPTURE_AUTORELEASING = YES;
				CLANG_WARN_BOOL_CONVERSION = YES;
				CLANG_WARN_COMMA = YES;
				CLANG_WARN_CONSTANT_CONVERSION = YES;
				CLANG_WARN_DEPRECATED_OBJC_IMPLEMENTATIONS = YES;
				CLANG_WARN_DIRECT_OBJC_ISA_USAGE = YES_ERROR;
				CLANG_WARN_DOCUMENTATION_COMMENTS = YES;
				CLANG_WARN_EMPTY_BODY = YES;
				CLANG_WARN_ENUM_CONVERSION = YES;
				CLANG_WARN_INFINITE_RECURSION = YES;
				CLANG_WARN_INT_CONVERSION = YES;
				CLANG_WARN_NON_LITERAL_NULL_CONVERSION = YES;
				CLANG_WARN_OBJC_IMPLICIT_RETAIN_SELF = YES;
				CLANG_WARN_OBJC_LITERAL_CONVERSION = YES;
				CLANG_WARN_OBJC_ROOT_CLASS = YES_ERROR;
				CLANG_WARN_QUOTED_INCLUDE_IN_FRAMEWORK_HEADER = YES;
				CLANG_WARN_RANGE_LOOP_ANALYSIS = YES;
				CLANG_WARN_STRICT_PROTOTYPES = YES;
				CLANG_WARN_SUSPICIOUS_MOVE = YES;
				CLANG_WARN_UNGUARDED_AVAILABILITY = YES_AGGRESSIVE;
				CLANG_WARN_UNREACHABLE_CODE = YES;
				CLANG_WARN__DUPLICATE_METHOD_MATCH = YES;
				COPY_PHASE_STRIP = NO;
				DEBUG_INFORMATION_FORMAT = "dwarf-with-dsym";
				ENABLE_NS_ASSERTIONS = NO;
				ENABLE_STRICT_OBJC_MSGSEND = YES;
				GCC_C_LANGUAGE_STANDARD = gnu11;
				GCC_NO_COMMON_BLOCKS = YES;
				GCC_WARN_64_TO_32_BIT_CONVERSION = YES;
				GCC_WARN_ABOUT_RETURN_TYPE = YES_ERROR;
				GCC_WARN_UNDECLARED_SELECTOR = YES;
				GCC_WARN_UNINITIALIZED_AUTOS = YES_AGGRESSIVE;
				GCC_WARN_UNUSED_FUNCTION = YES;
				GCC_WARN_UNUSED_VARIABLE = YES;
				IPHONEOS_DEPLOYMENT_TARGET = 16.4;
				MTL_ENABLE_DEBUG_INFO = NO;
				MTL_FAST_MATH = YES;
				SDKROOT = iphoneos;
				SWIFT_COMPILATION_MODE = wholemodule;
				SWIFT_OPTIMIZATION_LEVEL = "-O";
				VALIDATE_PRODUCT = YES;
			};
			name = Release;
		};
		CF8680002B6B3A3A00998339 /* Debug */ = {
			isa = XCBuildConfiguration;
			buildSettings = {
				ASSETCATALOG_COMPILER_APPICON_NAME = AppIcon;
				ASSETCATALOG_COMPILER_GLOBAL_ACCENT_COLOR_NAME = AccentColor;
				CODE_SIGN_STYLE = Automatic;
				CURRENT_PROJECT_VERSION = 1;
				DEVELOPMENT_ASSET_PATHS = "\"Achiever/Preview Content\"";
				DEVELOPMENT_TEAM = 59VU5JWNL2;
				ENABLE_PREVIEWS = YES;
				GENERATE_INFOPLIST_FILE = YES;
				INFOPLIST_FILE = Achiever/Info.plist;
				INFOPLIST_KEY_UIApplicationSceneManifest_Generation = YES;
				INFOPLIST_KEY_UIApplicationSupportsIndirectInputEvents = YES;
				INFOPLIST_KEY_UILaunchScreen_Generation = YES;
				INFOPLIST_KEY_UISupportedInterfaceOrientations_iPad = "UIInterfaceOrientationPortrait UIInterfaceOrientationPortraitUpsideDown UIInterfaceOrientationLandscapeLeft UIInterfaceOrientationLandscapeRight";
				INFOPLIST_KEY_UISupportedInterfaceOrientations_iPhone = "UIInterfaceOrientationPortrait UIInterfaceOrientationLandscapeLeft UIInterfaceOrientationLandscapeRight";
				LD_RUNPATH_SEARCH_PATHS = (
					"$(inherited)",
					"@executable_path/Frameworks",
				);
				MARKETING_VERSION = 1.0;
				PRODUCT_BUNDLE_IDENTIFIER = tb.Achiever;
				PRODUCT_NAME = "$(TARGET_NAME)";
				SWIFT_EMIT_LOC_STRINGS = YES;
				SWIFT_VERSION = 5.0;
				TARGETED_DEVICE_FAMILY = "1,2";
			};
			name = Debug;
		};
		CF8680012B6B3A3A00998339 /* Release */ = {
			isa = XCBuildConfiguration;
			buildSettings = {
				ASSETCATALOG_COMPILER_APPICON_NAME = AppIcon;
				ASSETCATALOG_COMPILER_GLOBAL_ACCENT_COLOR_NAME = AccentColor;
				CODE_SIGN_STYLE = Automatic;
				CURRENT_PROJECT_VERSION = 1;
				DEVELOPMENT_ASSET_PATHS = "\"Achiever/Preview Content\"";
				DEVELOPMENT_TEAM = 59VU5JWNL2;
				ENABLE_PREVIEWS = YES;
				GENERATE_INFOPLIST_FILE = YES;
				INFOPLIST_FILE = Achiever/Info.plist;
				INFOPLIST_KEY_UIApplicationSceneManifest_Generation = YES;
				INFOPLIST_KEY_UIApplicationSupportsIndirectInputEvents = YES;
				INFOPLIST_KEY_UILaunchScreen_Generation = YES;
				INFOPLIST_KEY_UISupportedInterfaceOrientations_iPad = "UIInterfaceOrientationPortrait UIInterfaceOrientationPortraitUpsideDown UIInterfaceOrientationLandscapeLeft UIInterfaceOrientationLandscapeRight";
				INFOPLIST_KEY_UISupportedInterfaceOrientations_iPhone = "UIInterfaceOrientationPortrait UIInterfaceOrientationLandscapeLeft UIInterfaceOrientationLandscapeRight";
				LD_RUNPATH_SEARCH_PATHS = (
					"$(inherited)",
					"@executable_path/Frameworks",
				);
				MARKETING_VERSION = 1.0;
				PRODUCT_BUNDLE_IDENTIFIER = tb.Achiever;
				PRODUCT_NAME = "$(TARGET_NAME)";
				SWIFT_EMIT_LOC_STRINGS = YES;
				SWIFT_VERSION = 5.0;
				TARGETED_DEVICE_FAMILY = "1,2";
			};
			name = Release;
		};
		CF8680032B6B3A3A00998339 /* Debug */ = {
			isa = XCBuildConfiguration;
			buildSettings = {
				ALWAYS_EMBED_SWIFT_STANDARD_LIBRARIES = YES;
				BUNDLE_LOADER = "$(TEST_HOST)";
				CODE_SIGN_STYLE = Automatic;
				CURRENT_PROJECT_VERSION = 1;
				GENERATE_INFOPLIST_FILE = YES;
				IPHONEOS_DEPLOYMENT_TARGET = 16.4;
				MARKETING_VERSION = 1.0;
				PRODUCT_BUNDLE_IDENTIFIER = tb.AchieverTests;
				PRODUCT_NAME = "$(TARGET_NAME)";
				SWIFT_EMIT_LOC_STRINGS = NO;
				SWIFT_VERSION = 5.0;
				TARGETED_DEVICE_FAMILY = "1,2";
				TEST_HOST = "$(BUILT_PRODUCTS_DIR)/Achiever.app/$(BUNDLE_EXECUTABLE_FOLDER_PATH)/Achiever";
			};
			name = Debug;
		};
		CF8680042B6B3A3A00998339 /* Release */ = {
			isa = XCBuildConfiguration;
			buildSettings = {
				ALWAYS_EMBED_SWIFT_STANDARD_LIBRARIES = YES;
				BUNDLE_LOADER = "$(TEST_HOST)";
				CODE_SIGN_STYLE = Automatic;
				CURRENT_PROJECT_VERSION = 1;
				GENERATE_INFOPLIST_FILE = YES;
				IPHONEOS_DEPLOYMENT_TARGET = 16.4;
				MARKETING_VERSION = 1.0;
				PRODUCT_BUNDLE_IDENTIFIER = tb.AchieverTests;
				PRODUCT_NAME = "$(TARGET_NAME)";
				SWIFT_EMIT_LOC_STRINGS = NO;
				SWIFT_VERSION = 5.0;
				TARGETED_DEVICE_FAMILY = "1,2";
				TEST_HOST = "$(BUILT_PRODUCTS_DIR)/Achiever.app/$(BUNDLE_EXECUTABLE_FOLDER_PATH)/Achiever";
			};
			name = Release;
		};
		CF8680062B6B3A3A00998339 /* Debug */ = {
			isa = XCBuildConfiguration;
			buildSettings = {
				ALWAYS_EMBED_SWIFT_STANDARD_LIBRARIES = YES;
				CODE_SIGN_STYLE = Automatic;
				CURRENT_PROJECT_VERSION = 1;
				GENERATE_INFOPLIST_FILE = YES;
				MARKETING_VERSION = 1.0;
				PRODUCT_BUNDLE_IDENTIFIER = tb.AchieverUITests;
				PRODUCT_NAME = "$(TARGET_NAME)";
				SWIFT_EMIT_LOC_STRINGS = NO;
				SWIFT_VERSION = 5.0;
				TARGETED_DEVICE_FAMILY = "1,2";
				TEST_TARGET_NAME = Achiever;
			};
			name = Debug;
		};
		CF8680072B6B3A3A00998339 /* Release */ = {
			isa = XCBuildConfiguration;
			buildSettings = {
				ALWAYS_EMBED_SWIFT_STANDARD_LIBRARIES = YES;
				CODE_SIGN_STYLE = Automatic;
				CURRENT_PROJECT_VERSION = 1;
				GENERATE_INFOPLIST_FILE = YES;
				MARKETING_VERSION = 1.0;
				PRODUCT_BUNDLE_IDENTIFIER = tb.AchieverUITests;
				PRODUCT_NAME = "$(TARGET_NAME)";
				SWIFT_EMIT_LOC_STRINGS = NO;
				SWIFT_VERSION = 5.0;
				TARGETED_DEVICE_FAMILY = "1,2";
				TEST_TARGET_NAME = Achiever;
			};
			name = Release;
		};
/* End XCBuildConfiguration section */

/* Begin XCConfigurationList section */
		CF867FD62B6B3A3900998339 /* Build configuration list for PBXProject "Achiever.iOS" */ = {
			isa = XCConfigurationList;
			buildConfigurations = (
				CF867FFD2B6B3A3A00998339 /* Debug */,
				CF867FFE2B6B3A3A00998339 /* Release */,
			);
			defaultConfigurationIsVisible = 0;
			defaultConfigurationName = Release;
		};
		CF867FFF2B6B3A3A00998339 /* Build configuration list for PBXNativeTarget "Achiever" */ = {
			isa = XCConfigurationList;
			buildConfigurations = (
				CF8680002B6B3A3A00998339 /* Debug */,
				CF8680012B6B3A3A00998339 /* Release */,
			);
			defaultConfigurationIsVisible = 0;
			defaultConfigurationName = Release;
		};
		CF8680022B6B3A3A00998339 /* Build configuration list for PBXNativeTarget "AchieverTests" */ = {
			isa = XCConfigurationList;
			buildConfigurations = (
				CF8680032B6B3A3A00998339 /* Debug */,
				CF8680042B6B3A3A00998339 /* Release */,
			);
			defaultConfigurationIsVisible = 0;
			defaultConfigurationName = Release;
		};
		CF8680052B6B3A3A00998339 /* Build configuration list for PBXNativeTarget "AchieverUITests" */ = {
			isa = XCConfigurationList;
			buildConfigurations = (
				CF8680062B6B3A3A00998339 /* Debug */,
				CF8680072B6B3A3A00998339 /* Release */,
			);
			defaultConfigurationIsVisible = 0;
			defaultConfigurationName = Release;
		};
/* End XCConfigurationList section */
	};
	rootObject = CF867FD32B6B3A3900998339 /* Project object */;
}
